// !$*UTF8*$!
{
	archiveVersion = 1;
	classes = {
	};
	objectVersion = 46;
	objects = {

/* Begin PBXBuildFile section */
		5F73BF821C76BF5C00867C6E /* main.m in Sources */ = {isa = PBXBuildFile; fileRef = 5F73BF811C76BF5C00867C6E /* main.m */; };
		5F73BF851C76BF5C00867C6E /* AppDelegate.m in Sources */ = {isa = PBXBuildFile; fileRef = 5F73BF841C76BF5C00867C6E /* AppDelegate.m */; };
		5F73BF881C76BF5C00867C6E /* ViewController.m in Sources */ = {isa = PBXBuildFile; fileRef = 5F73BF871C76BF5C00867C6E /* ViewController.m */; };
		5F73BF8B1C76BF5C00867C6E /* Main.storyboard in Resources */ = {isa = PBXBuildFile; fileRef = 5F73BF891C76BF5C00867C6E /* Main.storyboard */; };
		5F73BF8D1C76BF5C00867C6E /* Assets.xcassets in Resources */ = {isa = PBXBuildFile; fileRef = 5F73BF8C1C76BF5C00867C6E /* Assets.xcassets */; };
		5F73BF901C76BF5C00867C6E /* LaunchScreen.storyboard in Resources */ = {isa = PBXBuildFile; fileRef = 5F73BF8E1C76BF5C00867C6E /* LaunchScreen.storyboard */; };
		5F73BF9F1C76C05900867C6E /* ApisRotateView.m in Sources */ = {isa = PBXBuildFile; fileRef = 5F73BF9C1C76C05900867C6E /* ApisRotateView.m */; };
		5F73BFA01C76C05900867C6E /* RotateCell.m in Sources */ = {isa = PBXBuildFile; fileRef = 5F73BF9E1C76C05900867C6E /* RotateCell.m */; };
		5F73BFA51C76C09700867C6E /* 1.png in Resources */ = {isa = PBXBuildFile; fileRef = 5F73BFA11C76C09700867C6E /* 1.png */; };
		5F73BFA61C76C09700867C6E /* 2.png in Resources */ = {isa = PBXBuildFile; fileRef = 5F73BFA21C76C09700867C6E /* 2.png */; };
		5F73BFA71C76C09700867C6E /* 3.png in Resources */ = {isa = PBXBuildFile; fileRef = 5F73BFA31C76C09700867C6E /* 3.png */; };
		5F73BFA81C76C09700867C6E /* 4.png in Resources */ = {isa = PBXBuildFile; fileRef = 5F73BFA41C76C09700867C6E /* 4.png */; };
/* End PBXBuildFile section */

/* Begin PBXFileReference section */
		5F73BF7D1C76BF5C00867C6E /* ApisRotateView.app */ = {isa = PBXFileReference; explicitFileType = wrapper.application; includeInIndex = 0; path = ApisRotateView.app; sourceTree = BUILT_PRODUCTS_DIR; };
		5F73BF811C76BF5C00867C6E /* main.m */ = {isa = PBXFileReference; lastKnownFileType = sourcecode.c.objc; path = main.m; sourceTree = "<group>"; };
		5F73BF831C76BF5C00867C6E /* AppDelegate.h */ = {isa = PBXFileReference; lastKnownFileType = sourcecode.c.h; path = AppDelegate.h; sourceTree = "<group>"; };
		5F73BF841C76BF5C00867C6E /* AppDelegate.m */ = {isa = PBXFileReference; lastKnownFileType = sourcecode.c.objc; path = AppDelegate.m; sourceTree = "<group>"; };
		5F73BF861C76BF5C00867C6E /* ViewController.h */ = {isa = PBXFileReference; lastKnownFileType = sourcecode.c.h; path = ViewController.h; sourceTree = "<group>"; };
		5F73BF871C76BF5C00867C6E /* ViewController.m */ = {isa = PBXFileReference; lastKnownFileType = sourcecode.c.objc; path = ViewController.m; sourceTree = "<group>"; };
		5F73BF8A1C76BF5C00867C6E /* Base */ = {isa = PBXFileReference; lastKnownFileType = file.storyboard; name = Base; path = Base.lproj/Main.storyboard; sourceTree = "<group>"; };
		5F73BF8C1C76BF5C00867C6E /* Assets.xcassets */ = {isa = PBXFileReference; lastKnownFileType = folder.assetcatalog; path = Assets.xcassets; sourceTree = "<group>"; };
		5F73BF8F1C76BF5C00867C6E /* Base */ = {isa = PBXFileReference; lastKnownFileType = file.storyboard; name = Base; path = Base.lproj/LaunchScreen.storyboard; sourceTree = "<group>"; };
		5F73BF911C76BF5C00867C6E /* Info.plist */ = {isa = PBXFileReference; lastKnownFileType = text.plist.xml; path = Info.plist; sourceTree = "<group>"; };
		5F73BF9B1C76C05900867C6E /* ApisRotateView.h */ = {isa = PBXFileReference; fileEncoding = 4; lastKnownFileType = sourcecode.c.h; path = ApisRotateView.h; sourceTree = "<group>"; };
		5F73BF9C1C76C05900867C6E /* ApisRotateView.m */ = {isa = PBXFileReference; fileEncoding = 4; lastKnownFileType = sourcecode.c.objc; path = ApisRotateView.m; sourceTree = "<group>"; };
		5F73BF9D1C76C05900867C6E /* RotateCell.h */ = {isa = PBXFileReference; fileEncoding = 4; lastKnownFileType = sourcecode.c.h; path = RotateCell.h; sourceTree = "<group>"; };
		5F73BF9E1C76C05900867C6E /* RotateCell.m */ = {isa = PBXFileReference; fileEncoding = 4; lastKnownFileType = sourcecode.c.objc; path = RotateCell.m; sourceTree = "<group>"; };
		5F73BFA11C76C09700867C6E /* 1.png */ = {isa = PBXFileReference; lastKnownFileType = image.png; path = 1.png; sourceTree = "<group>"; };
		5F73BFA21C76C09700867C6E /* 2.png */ = {isa = PBXFileReference; lastKnownFileType = image.png; path = 2.png; sourceTree = "<group>"; };
		5F73BFA31C76C09700867C6E /* 3.png */ = {isa = PBXFileReference; lastKnownFileType = image.png; path = 3.png; sourceTree = "<group>"; };
		5F73BFA41C76C09700867C6E /* 4.png */ = {isa = PBXFileReference; lastKnownFileType = image.png; path = 4.png; sourceTree = "<group>"; };
/* End PBXFileReference section */

/* Begin PBXFrameworksBuildPhase section */
		5F73BF7A1C76BF5C00867C6E /* Frameworks */ = {
			isa = PBXFrameworksBuildPhase;
			buildActionMask = 2147483647;
			files = (
			);
			runOnlyForDeploymentPostprocessing = 0;
		};
/* End PBXFrameworksBuildPhase section */

/* Begin PBXGroup section */
		5F73BF741C76BF5C00867C6E = {
			isa = PBXGroup;
			children = (
				5F73BF7F1C76BF5C00867C6E /* ApisRotateView */,
				5F73BF7E1C76BF5C00867C6E /* Products */,
			);
			sourceTree = "<group>";
		};
		5F73BF7E1C76BF5C00867C6E /* Products */ = {
			isa = PBXGroup;
			children = (
				5F73BF7D1C76BF5C00867C6E /* ApisRotateView.app */,
			);
			name = Products;
			sourceTree = "<group>";
		};
		5F73BF7F1C76BF5C00867C6E /* ApisRotateView */ = {
			isa = PBXGroup;
			children = (
				5F73BFA11C76C09700867C6E /* 1.png */,
				5F73BFA21C76C09700867C6E /* 2.png */,
				5F73BFA31C76C09700867C6E /* 3.png */,
				5F73BFA41C76C09700867C6E /* 4.png */,
				5F73BF9A1C76C05900867C6E /* ApisRotateView */,
				5F73BF831C76BF5C00867C6E /* AppDelegate.h */,
				5F73BF841C76BF5C00867C6E /* AppDelegate.m */,
				5F73BF861C76BF5C00867C6E /* ViewController.h */,
				5F73BF871C76BF5C00867C6E /* ViewController.m */,
				5F73BF891C76BF5C00867C6E /* Main.storyboard */,
				5F73BF8C1C76BF5C00867C6E /* Assets.xcassets */,
				5F73BF8E1C76BF5C00867C6E /* LaunchScreen.storyboard */,
				5F73BF911C76BF5C00867C6E /* Info.plist */,
				5F73BF801C76BF5C00867C6E /* Supporting Files */,
			);
			path = ApisRotateView;
			sourceTree = "<group>";
		};
		5F73BF801C76BF5C00867C6E /* Supporting Files */ = {
			isa = PBXGroup;
			children = (
				5F73BF811C76BF5C00867C6E /* main.m */,
			);
			name = "Supporting Files";
			sourceTree = "<group>";
		};
		5F73BF9A1C76C05900867C6E /* ApisRotateView */ = {
			isa = PBXGroup;
			children = (
				5F73BF9B1C76C05900867C6E /* ApisRotateView.h */,
				5F73BF9C1C76C05900867C6E /* ApisRotateView.m */,
				5F73BF9D1C76C05900867C6E /* RotateCell.h */,
				5F73BF9E1C76C05900867C6E /* RotateCell.m */,
			);
			path = ApisRotateView;
			sourceTree = "<group>";
		};
/* End PBXGroup section */

/* Begin PBXNativeTarget section */
		5F73BF7C1C76BF5C00867C6E /* ApisRotateView */ = {
			isa = PBXNativeTarget;
			buildConfigurationList = 5F73BF941C76BF5C00867C6E /* Build configuration list for PBXNativeTarget "ApisRotateView" */;
			buildPhases = (
				5F73BF791C76BF5C00867C6E /* Sources */,
				5F73BF7A1C76BF5C00867C6E /* Frameworks */,
				5F73BF7B1C76BF5C00867C6E /* Resources */,
			);
			buildRules = (
			);
			dependencies = (
			);
			name = ApisRotateView;
			productName = ApisRotateView;
			productReference = 5F73BF7D1C76BF5C00867C6E /* ApisRotateView.app */;
			productType = "com.apple.product-type.application";
		};
/* End PBXNativeTarget section */

/* Begin PBXProject section */
		5F73BF751C76BF5C00867C6E /* Project object */ = {
			isa = PBXProject;
			attributes = {
				LastUpgradeCheck = 0720;
				ORGANIZATIONNAME = "陈峰";
				TargetAttributes = {
					5F73BF7C1C76BF5C00867C6E = {
						CreatedOnToolsVersion = 7.2.1;
					};
				};
			};
			buildConfigurationList = 5F73BF781C76BF5C00867C6E /* Build configuration list for PBXProject "ApisRotateView" */;
			compatibilityVersion = "Xcode 3.2";
			developmentRegion = English;
			hasScannedForEncodings = 0;
			knownRegions = (
				en,
				Base,
			);
			mainGroup = 5F73BF741C76BF5C00867C6E;
			productRefGroup = 5F73BF7E1C76BF5C00867C6E /* Products */;
			projectDirPath = "";
			projectRoot = "";
			targets = (
				5F73BF7C1C76BF5C00867C6E /* ApisRotateView */,
			);
		};
/* End PBXProject section */

/* Begin PBXResourcesBuildPhase section */
		5F73BF7B1C76BF5C00867C6E /* Resources */ = {
			isa = PBXResourcesBuildPhase;
			buildActionMask = 2147483647;
			files = (
				5F73BF901C76BF5C00867C6E /* LaunchScreen.storyboard in Resources */,
				5F73BFA81C76C09700867C6E /* 4.png in Resources */,
				5F73BFA51C76C09700867C6E /* 1.png in Resources */,
				5F73BFA61C76C09700867C6E /* 2.png in Resources */,
				5F73BFA71C76C09700867C6E /* 3.png in Resources */,
				5F73BF8D1C76BF5C00867C6E /* Assets.xcassets in Resources */,
				5F73BF8B1C76BF5C00867C6E /* Main.storyboard in Resources */,
			);
			runOnlyForDeploymentPostprocessing = 0;
		};
/* End PBXResourcesBuildPhase section */

/* Begin PBXSourcesBuildPhase section */
		5F73BF791C76BF5C00867C6E /* Sources */ = {
			isa = PBXSourcesBuildPhase;
			buildActionMask = 2147483647;
			files = (
				5F73BF881C76BF5C00867C6E /* ViewController.m in Sources */,
				5F73BF851C76BF5C00867C6E /* AppDelegate.m in Sources */,
				5F73BF9F1C76C05900867C6E /* ApisRotateView.m in Sources */,
				5F73BFA01C76C05900867C6E /* RotateCell.m in Sources */,
				5F73BF821C76BF5C00867C6E /* main.m in Sources */,
			);
			runOnlyForDeploymentPostprocessing = 0;
		};
/* End PBXSourcesBuildPhase section */

/* Begin PBXVariantGroup section */
		5F73BF891C76BF5C00867C6E /* Main.storyboard */ = {
			isa = PBXVariantGroup;
			children = (
				5F73BF8A1C76BF5C00867C6E /* Base */,
			);
			name = Main.storyboard;
			sourceTree = "<group>";
		};
		5F73BF8E1C76BF5C00867C6E /* LaunchScreen.storyboard */ = {
			isa = PBXVariantGroup;
			children = (
				5F73BF8F1C76BF5C00867C6E /* Base */,
			);
			name = LaunchScreen.storyboard;
			sourceTree = "<group>";
		};
/* End PBXVariantGroup section */

/* Begin XCBuildConfiguration section */
		5F73BF921C76BF5C00867C6E /* Debug */ = {
			isa = XCBuildConfiguration;
			buildSettings = {
				ALWAYS_SEARCH_USER_PATHS = NO;
				CLANG_CXX_LANGUAGE_STANDARD = "gnu++0x";
				CLANG_CXX_LIBRARY = "libc++";
				CLANG_ENABLE_MODULES = YES;
				CLANG_ENABLE_OBJC_ARC = YES;
				CLANG_WARN_BOOL_CONVERSION = YES;
				CLANG_WARN_CONSTANT_CONVERSION = YES;
				CLANG_WARN_DIRECT_OBJC_ISA_USAGE = YES_ERROR;
				CLANG_WARN_EMPTY_BODY = YES;
				CLANG_WARN_ENUM_CONVERSION = YES;
				CLANG_WARN_INT_CONVERSION = YES;
				CLANG_WARN_OBJC_ROOT_CLASS = YES_ERROR;
				CLANG_WARN_UNREACHABLE_CODE = YES;
				CLANG_WARN__DUPLICATE_METHOD_MATCH = YES;
				"CODE_SIGN_IDENTITY[sdk=iphoneos*]" = "iPhone Developer";
				COPY_PHASE_STRIP = NO;
				DEBUG_INFORMATION_FORMAT = dwarf;
				ENABLE_STRICT_OBJC_MSGSEND = YES;
				ENABLE_TESTABILITY = YES;
				GCC_C_LANGUAGE_STANDARD = gnu99;
				GCC_DYNAMIC_NO_PIC = NO;
				GCC_NO_COMMON_BLOCKS = YES;
				GCC_OPTIMIZATION_LEVEL = 0;
				GCC_PREPROCESSOR_DEFINITIONS = (
					"DEBUG=1",
					"$(inherited)",
				);
				GCC_WARN_64_TO_32_BIT_CONVERSION = YES;
				GCC_WARN_ABOUT_RETURN_TYPE = YES_ERROR;
				GCC_WARN_UNDECLARED_SELECTOR = YES;
				GCC_WARN_UNINITIALIZED_AUTOS = YES_AGGRESSIVE;
				GCC_WARN_UNUSED_FUNCTION = YES;
				GCC_WARN_UNUSED_VARIABLE = YES;
				IPHONEOS_DEPLOYMENT_TARGET = 9.2;
				MTL_ENABLE_DEBUG_INFO = YES;
				ONLY_ACTIVE_ARCH = YES;
				SDKROOT = iphoneos;
			};
			name = Debug;
		};
		5F73BF931C76BF5C00867C6E /* Release */ = {
			isa = XCBuildConfiguration;
			buildSettings = {
				ALWAYS_SEARCH_USER_PATHS = NO;
				CLANG_CXX_LANGUAGE_STANDARD = "gnu++0x";
				CLANG_CXX_LIBRARY = "libc++";
				CLANG_ENABLE_MODULES = YES;
				CLANG_ENABLE_OBJC_ARC = YES;
				CLANG_WARN_BOOL_CONVERSION = YES;
				CLANG_WARN_CONSTANT_CONVERSION = YES;
				CLANG_WARN_DIRECT_OBJC_ISA_USAGE = YES_ERROR;
				CLANG_WARN_EMPTY_BODY = YES;
				CLANG_WARN_ENUM_CONVERSION = YES;
				CLANG_WARN_INT_CONVERSION = YES;
				CLANG_WARN_OBJC_ROOT_CLASS = YES_ERROR;
				CLANG_WARN_UNREACHABLE_CODE = YES;
				CLANG_WARN__DUPLICATE_METHOD_MATCH = YES;
				"CODE_SIGN_IDENTITY[sdk=iphoneos*]" = "iPhone Developer";
				COPY_PHASE_STRIP = NO;
				DEBUG_INFORMATION_FORMAT = "dwarf-with-dsym";
				ENABLE_NS_ASSERTIONS = NO;
				ENABLE_STRICT_OBJC_MSGSEND = YES;
				GCC_C_LANGUAGE_STANDARD = gnu99;
				GCC_NO_COMMON_BLOCKS = YES;
				GCC_WARN_64_TO_32_BIT_CONVERSION = YES;
				GCC_WARN_ABOUT_RETURN_TYPE = YES_ERROR;
				GCC_WARN_UNDECLARED_SELECTOR = YES;
				GCC_WARN_UNINITIALIZED_AUTOS = YES_AGGRESSIVE;
				GCC_WARN_UNUSED_FUNCTION = YES;
				GCC_WARN_UNUSED_VARIABLE = YES;
				IPHONEOS_DEPLOYMENT_TARGET = 9.2;
				MTL_ENABLE_DEBUG_INFO = NO;
				SDKROOT = iphoneos;
				VALIDATE_PRODUCT = YES;
			};
			name = Release;
		};
		5F73BF951C76BF5C00867C6E /* Debug */ = {
			isa = XCBuildConfiguration;
			buildSettings = {
				ASSETCATALOG_COMPILER_APPICON_NAME = AppIcon;
				INFOPLIST_FILE = ApisRotateView/Info.plist;
				LD_RUNPATH_SEARCH_PATHS = "$(inherited) @executable_path/Frameworks";
				PRODUCT_BUNDLE_IDENTIFIER = com.apis.ApisRotateView;
				PRODUCT_NAME = "$(TARGET_NAME)";
			};
			name = Debug;
		};
		5F73BF961C76BF5C00867C6E /* Release */ = {
			isa = XCBuildConfiguration;
			buildSettings = {
				ASSETCATALOG_COMPILER_APPICON_NAME = AppIcon;
				INFOPLIST_FILE = ApisRotateView/Info.plist;
				LD_RUNPATH_SEARCH_PATHS = "$(inherited) @executable_path/Frameworks";
				PRODUCT_BUNDLE_IDENTIFIER = com.apis.ApisRotateView;
				PRODUCT_NAME = "$(TARGET_NAME)";
			};
			name = Release;
		};
/* End XCBuildConfiguration section */

/* Begin XCConfigurationList section */
		5F73BF781C76BF5C00867C6E /* Build configuration list for PBXProject "ApisRotateView" */ = {
			isa = XCConfigurationList;
			buildConfigurations = (
				5F73BF921C76BF5C00867C6E /* Debug */,
				5F73BF931C76BF5C00867C6E /* Release */,
			);
			defaultConfigurationIsVisible = 0;
			defaultConfigurationName = Release;
		};
		5F73BF941C76BF5C00867C6E /* Build configuration list for PBXNativeTarget "ApisRotateView" */ = {
			isa = XCConfigurationList;
			buildConfigurations = (
				5F73BF951C76BF5C00867C6E /* Debug */,
				5F73BF961C76BF5C00867C6E /* Release */,
			);
			defaultConfigurationIsVisible = 0;
		};
/* End XCConfigurationList section */
	};
	rootObject = 5F73BF751C76BF5C00867C6E /* Project object */;
}
